
Microsoft Visual Studio Solution File, Format Version 12.00
# Visual Studio Version 17
VisualStudioVersion = 17.14.37027.9 d17.14
MinimumVisualStudioVersion = 10.0.40219.1
Project("{FAE04EC0-301F-11D3-BF4B-00C04F79EFBC}") = "CashifyBackend", "CashifyBackend.csproj", "{412C4CEB-9F7A-3137-E40B-CE51B694AD22}"
EndProject
Global
	GlobalSection(SolutionConfigurationPlatforms) = preSolution
		Debug|Any CPU = Debug|Any CPU
		Release|Any CPU = Release|Any CPU
	EndGlobalSection
	GlobalSection(ProjectConfigurationPlatforms) = postSolution
		{412C4CEB-9F7A-3137-E40B-CE51B694AD22}.Debug|Any CPU.ActiveCfg = Debug|Any CPU
		{412C4CEB-9F7A-3137-E40B-CE51B694AD22}.Debug|Any CPU.Build.0 = Debug|Any CPU
		{412C4CEB-9F7A-3137-E40B-CE51B694AD22}.Release|Any CPU.ActiveCfg = Release|Any CPU
		{412C4CEB-9F7A-3137-E40B-CE51B694AD22}.Release|Any CPU.Build.0 = Release|Any CPU
	EndGlobalSection
	GlobalSection(SolutionProperties) = preSolution
		HideSolutionNode = FALSE
	EndGlobalSection
	GlobalSection(ExtensibilityGlobals) = postSolution
		SolutionGuid = {A120AE36-9F11-4007-84CC-F04C2C38429E}
	EndGlobalSection
EndGlobal
